
Microsoft Visual Studio Solution File, Format Version 12.00
# Visual Studio 15
Project("{FAE04EC0-301F-11D3-BF4B-00C04F79EFBC}") = "Assembly-CSharp", "Assembly-CSharp.csproj", "{2412E902-2759-B764-F8ED-D387B2E2F209}"
EndProject
Global
	GlobalSection(SolutionConfigurationPlatforms) = preSolution
		Debug|Any CPU = Debug|Any CPU
		Release|Any CPU = Release|Any CPU
	EndGlobalSection
	GlobalSection(ProjectConfigurationPlatforms) = postSolution
		{2412E902-2759-B764-F8ED-D387B2E2F209}.Debug|Any CPU.ActiveCfg = Debug|Any CPU
		{2412E902-2759-B764-F8ED-D387B2E2F209}.Debug|Any CPU.Build.0 = Debug|Any CPU
		{2412E902-2759-B764-F8ED-D387B2E2F209}.Release|Any CPU.ActiveCfg = Release|Any CPU
		{2412E902-2759-B764-F8ED-D387B2E2F209}.Release|Any CPU.Build.0 = Release|Any CPU
	EndGlobalSection
	GlobalSection(SolutionProperties) = preSolution
		HideSolutionNode = FALSE
	EndGlobalSection
EndGlobal
